
Microsoft Visual Studio Solution File, Format Version 12.00
# Visual Studio 15
VisualStudioVersion = 15.0.28307.168
MinimumVisualStudioVersion = 10.0.40219.1
Project("{FAE04EC0-301F-11D3-BF4B-00C04F79EFBC}") = "Server", "Server\Server.csproj", "{6F21CA43-03B2-4B73-92A1-63A752CCF76E}"
EndProject
Project("{FAE04EC0-301F-11D3-BF4B-00C04F79EFBC}") = "Client", "Client\Client.csproj", "{2A169EFF-B005-45D6-90AB-6702572BD815}"
EndProject
Project("{FAE04EC0-301F-11D3-BF4B-00C04F79EFBC}") = "Helpers", "Helpers\Helpers.csproj", "{55BA7BE9-8D84-4B14-AD5A-201C0431A2AB}"
EndProject
Global
	GlobalSection(SolutionConfigurationPlatforms) = preSolution
		Debug|Any CPU = Debug|Any CPU
		Release|Any CPU = Release|Any CPU
	EndGlobalSection
	GlobalSection(ProjectConfigurationPlatforms) = postSolution
		{6F21CA43-03B2-4B73-92A1-63A752CCF76E}.Debug|Any CPU.ActiveCfg = Debug|Any CPU
		{6F21CA43-03B2-4B73-92A1-63A752CCF76E}.Debug|Any CPU.Build.0 = Debug|Any CPU
		{6F21CA43-03B2-4B73-92A1-63A752CCF76E}.Release|Any CPU.ActiveCfg = Release|Any CPU
		{6F21CA43-03B2-4B73-92A1-63A752CCF76E}.Release|Any CPU.Build.0 = Release|Any CPU
		{2A169EFF-B005-45D6-90AB-6702572BD815}.Debug|Any CPU.ActiveCfg = Debug|Any CPU
		{2A169EFF-B005-45D6-90AB-6702572BD815}.Debug|Any CPU.Build.0 = Debug|Any CPU
		{2A169EFF-B005-45D6-90AB-6702572BD815}.Release|Any CPU.ActiveCfg = Release|Any CPU
		{2A169EFF-B005-45D6-90AB-6702572BD815}.Release|Any CPU.Build.0 = Release|Any CPU
		{55BA7BE9-8D84-4B14-AD5A-201C0431A2AB}.Debug|Any CPU.ActiveCfg = Debug|Any CPU
		{55BA7BE9-8D84-4B14-AD5A-201C0431A2AB}.Debug|Any CPU.Build.0 = Debug|Any CPU
		{55BA7BE9-8D84-4B14-AD5A-201C0431A2AB}.Release|Any CPU.ActiveCfg = Release|Any CPU
		{55BA7BE9-8D84-4B14-AD5A-201C0431A2AB}.Release|Any CPU.Build.0 = Release|Any CPU
	EndGlobalSection
	GlobalSection(SolutionProperties) = preSolution
		HideSolutionNode = FALSE
	EndGlobalSection
	GlobalSection(ExtensibilityGlobals) = postSolution
		SolutionGuid = {D9831AFE-8CAF-491E-9E9D-07BBD342B074}
	EndGlobalSection
EndGlobal
